
Microsoft Visual Studio Solution File, Format Version 12.00
# Visual Studio Version 17
VisualStudioVersion = 17.0.31903.59
MinimumVisualStudioVersion = 10.0.40219.1
Project("{2150E333-8FDC-42A3-9474-1A3956D46DE8}") = "src", "src", "{79F16AA7-1D1B-4B11-8202-5AAF9917C283}"
EndProject
Project("{FAE04EC0-301F-11D3-BF4B-00C04F79EFBC}") = "Atlas", "src\Atlas\Atlas.csproj", "{4A4C292A-E9EF-4EB5-A69D-99BCBAD5483C}"
EndProject
Project("{2150E333-8FDC-42A3-9474-1A3956D46DE8}") = "tests", "tests", "{ED3CE11D-D590-4D79-8043-8C0A63B7F12B}"
EndProject
Project("{FAE04EC0-301F-11D3-BF4B-00C04F79EFBC}") = "Atlas.Tests", "tests\Atlas.Tests\Atlas.Tests.csproj", "{07B9B1ED-0EEB-42FD-A572-EDB85909862B}"
EndProject
Project("{2150E333-8FDC-42A3-9474-1A3956D46DE8}") = "examples", "examples", "{3FB5EC09-4B04-407A-AE04-9691E431B588}"
EndProject
Project("{FAE04EC0-301F-11D3-BF4B-00C04F79EFBC}") = "Smoke", "examples\Smoke\Smoke.csproj", "{EB28A084-6891-495D-81E4-E3E07B0AA9CB}"
EndProject
Global
	GlobalSection(SolutionConfigurationPlatforms) = preSolution
		Debug|Any CPU = Debug|Any CPU
		Release|Any CPU = Release|Any CPU
	EndGlobalSection
	GlobalSection(SolutionProperties) = preSolution
		HideSolutionNode = FALSE
	EndGlobalSection
	GlobalSection(ProjectConfigurationPlatforms) = postSolution
		{4A4C292A-E9EF-4EB5-A69D-99BCBAD5483C}.Debug|Any CPU.ActiveCfg = Debug|Any CPU
		{4A4C292A-E9EF-4EB5-A69D-99BCBAD5483C}.Debug|Any CPU.Build.0 = Debug|Any CPU
		{4A4C292A-E9EF-4EB5-A69D-99BCBAD5483C}.Release|Any CPU.ActiveCfg = Release|Any CPU
		{4A4C292A-E9EF-4EB5-A69D-99BCBAD5483C}.Release|Any CPU.Build.0 = Release|Any CPU
		{07B9B1ED-0EEB-42FD-A572-EDB85909862B}.Debug|Any CPU.ActiveCfg = Debug|Any CPU
		{07B9B1ED-0EEB-42FD-A572-EDB85909862B}.Debug|Any CPU.Build.0 = Debug|Any CPU
		{07B9B1ED-0EEB-42FD-A572-EDB85909862B}.Release|Any CPU.ActiveCfg = Release|Any CPU
		{07B9B1ED-0EEB-42FD-A572-EDB85909862B}.Release|Any CPU.Build.0 = Release|Any CPU
		{EB28A084-6891-495D-81E4-E3E07B0AA9CB}.Debug|Any CPU.ActiveCfg = Debug|Any CPU
		{EB28A084-6891-495D-81E4-E3E07B0AA9CB}.Debug|Any CPU.Build.0 = Debug|Any CPU
		{EB28A084-6891-495D-81E4-E3E07B0AA9CB}.Release|Any CPU.ActiveCfg = Release|Any CPU
		{EB28A084-6891-495D-81E4-E3E07B0AA9CB}.Release|Any CPU.Build.0 = Release|Any CPU
	EndGlobalSection
	GlobalSection(NestedProjects) = preSolution
		{4A4C292A-E9EF-4EB5-A69D-99BCBAD5483C} = {79F16AA7-1D1B-4B11-8202-5AAF9917C283}
		{07B9B1ED-0EEB-42FD-A572-EDB85909862B} = {ED3CE11D-D590-4D79-8043-8C0A63B7F12B}
		{EB28A084-6891-495D-81E4-E3E07B0AA9CB} = {3FB5EC09-4B04-407A-AE04-9691E431B588}
	EndGlobalSection
EndGlobal
